
Microsoft Visual Studio Solution File, Format Version 12.00
# Visual Studio Version 17
VisualStudioVersion = 17.4.33205.214
MinimumVisualStudioVersion = 10.0.40219.1
Project("{F2A71F9B-5D33-465A-A702-920D77279786}") = "fgui", "fgui\fgui.fsproj", "{D31574A3-ECE7-45B2-8912-E625236D4094}"
EndProject
Global
	GlobalSection(SolutionConfigurationPlatforms) = preSolution
		Debug|Any CPU = Debug|Any CPU
		Release|Any CPU = Release|Any CPU
	EndGlobalSection
	GlobalSection(ProjectConfigurationPlatforms) = postSolution
		{D31574A3-ECE7-45B2-8912-E625236D4094}.Debug|Any CPU.ActiveCfg = Debug|Any CPU
		{D31574A3-ECE7-45B2-8912-E625236D4094}.Debug|Any CPU.Build.0 = Debug|Any CPU
		{D31574A3-ECE7-45B2-8912-E625236D4094}.Release|Any CPU.ActiveCfg = Release|Any CPU
		{D31574A3-ECE7-45B2-8912-E625236D4094}.Release|Any CPU.Build.0 = Release|Any CPU
	EndGlobalSection
	GlobalSection(SolutionProperties) = preSolution
		HideSolutionNode = FALSE
	EndGlobalSection
	GlobalSection(ExtensibilityGlobals) = postSolution
		SolutionGuid = {01B51CDF-A59E-4183-98EF-9B4DF70574C4}
	EndGlobalSection
EndGlobal
